
Microsoft Visual Studio Solution File, Format Version 12.00
# Visual Studio Version 17
VisualStudioVersion = 17.7.34202.233
MinimumVisualStudioVersion = 10.0.40219.1
Project("{FAE04EC0-301F-11D3-BF4B-00C04F79EFBC}") = "ExempleUmlTOObject", "ExempleUmlTOObject\ExempleUmlTOObject.csproj", "{8E6EDD58-2747-43CB-9C93-B45C97CE19C2}"
EndProject
Project("{FAE04EC0-301F-11D3-BF4B-00C04F79EFBC}") = "BusStandManagement", "BusStandManagement\BusStandManagement.csproj", "{F8911F9C-F636-4545-9B93-FAD33248D2F3}"
EndProject
Global
	GlobalSection(SolutionConfigurationPlatforms) = preSolution
		Debug|Any CPU = Debug|Any CPU
		Release|Any CPU = Release|Any CPU
	EndGlobalSection
	GlobalSection(ProjectConfigurationPlatforms) = postSolution
		{8E6EDD58-2747-43CB-9C93-B45C97CE19C2}.Debug|Any CPU.ActiveCfg = Debug|Any CPU
		{8E6EDD58-2747-43CB-9C93-B45C97CE19C2}.Debug|Any CPU.Build.0 = Debug|Any CPU
		{8E6EDD58-2747-43CB-9C93-B45C97CE19C2}.Release|Any CPU.ActiveCfg = Release|Any CPU
		{8E6EDD58-2747-43CB-9C93-B45C97CE19C2}.Release|Any CPU.Build.0 = Release|Any CPU
		{F8911F9C-F636-4545-9B93-FAD33248D2F3}.Debug|Any CPU.ActiveCfg = Debug|Any CPU
		{F8911F9C-F636-4545-9B93-FAD33248D2F3}.Debug|Any CPU.Build.0 = Debug|Any CPU
		{F8911F9C-F636-4545-9B93-FAD33248D2F3}.Release|Any CPU.ActiveCfg = Release|Any CPU
		{F8911F9C-F636-4545-9B93-FAD33248D2F3}.Release|Any CPU.Build.0 = Release|Any CPU
	EndGlobalSection
	GlobalSection(SolutionProperties) = preSolution
		HideSolutionNode = FALSE
	EndGlobalSection
	GlobalSection(ExtensibilityGlobals) = postSolution
		SolutionGuid = {54E4CEBD-B8F9-42E1-B151-064D28722481}
	EndGlobalSection
EndGlobal
